
Microsoft Visual Studio Solution File, Format Version 12.00
# Visual Studio 2013
VisualStudioVersion = 12.0.30723.0
MinimumVisualStudioVersion = 10.0.40219.1
Project("{888888A0-9F3D-457C-B088-3A5042F75D52}") = "Module9WhileLoops", "Module9WhileLoops\Module9WhileLoops.pyproj", "{E6AE8D51-5E56-4E2C-8D40-5644DF266E52}"
EndProject
Global
	GlobalSection(SolutionConfigurationPlatforms) = preSolution
		Debug|Any CPU = Debug|Any CPU
		Release|Any CPU = Release|Any CPU
	EndGlobalSection
	GlobalSection(ProjectConfigurationPlatforms) = postSolution
		{E6AE8D51-5E56-4E2C-8D40-5644DF266E52}.Debug|Any CPU.ActiveCfg = Debug|Any CPU
		{E6AE8D51-5E56-4E2C-8D40-5644DF266E52}.Release|Any CPU.ActiveCfg = Release|Any CPU
	EndGlobalSection
	GlobalSection(SolutionProperties) = preSolution
		HideSolutionNode = FALSE
	EndGlobalSection
EndGlobal
