
Microsoft Visual Studio Solution File, Format Version 12.00
# Visual Studio 2013
VisualStudioVersion = 12.0.30723.0
MinimumVisualStudioVersion = 10.0.40219.1
Project("{888888A0-9F3D-457C-B088-3A5042F75D52}") = "PythonApplication2", "PythonApplication2\PythonApplication2.pyproj", "{F8538EC8-0FF4-4A3D-8A21-ABB170848464}"
EndProject
Global
	GlobalSection(SolutionConfigurationPlatforms) = preSolution
		Debug|Any CPU = Debug|Any CPU
		Release|Any CPU = Release|Any CPU
	EndGlobalSection
	GlobalSection(ProjectConfigurationPlatforms) = postSolution
		{F8538EC8-0FF4-4A3D-8A21-ABB170848464}.Debug|Any CPU.ActiveCfg = Debug|Any CPU
		{F8538EC8-0FF4-4A3D-8A21-ABB170848464}.Debug|Any CPU.Build.0 = Debug|Any CPU
		{F8538EC8-0FF4-4A3D-8A21-ABB170848464}.Release|Any CPU.ActiveCfg = Release|Any CPU
		{F8538EC8-0FF4-4A3D-8A21-ABB170848464}.Release|Any CPU.Build.0 = Release|Any CPU
	EndGlobalSection
	GlobalSection(SolutionProperties) = preSolution
		HideSolutionNode = FALSE
	EndGlobalSection
EndGlobal
